// !$*UTF8*$!
{
	archiveVersion = 1;
	classes = {
	};
	objectVersion = 46;
	objects = {

/* Begin PBXBuildFile section */
		FCAFEEE91E3154A400716E18 /* AppDelegate.swift in Sources */ = {isa = PBXBuildFile; fileRef = FCAFEEE81E3154A400716E18 /* AppDelegate.swift */; };
		FCAFEEEE1E3154A400716E18 /* Main.storyboard in Resources */ = {isa = PBXBuildFile; fileRef = FCAFEEEC1E3154A400716E18 /* Main.storyboard */; };
		FCAFEEF31E3154A400716E18 /* Assets.xcassets in Resources */ = {isa = PBXBuildFile; fileRef = FCAFEEF21E3154A400716E18 /* Assets.xcassets */; };
		FCAFEEF61E3154A400716E18 /* LaunchScreen.storyboard in Resources */ = {isa = PBXBuildFile; fileRef = FCAFEEF41E3154A400716E18 /* LaunchScreen.storyboard */; };
		FCC0820E1E31657F00436824 /* MapVC.swift in Sources */ = {isa = PBXBuildFile; fileRef = FCC0820D1E31657F00436824 /* MapVC.swift */; };
		FCC082111E316F0F00436824 /* CoreDataHelper.swift in Sources */ = {isa = PBXBuildFile; fileRef = FCC082101E316F0F00436824 /* CoreDataHelper.swift */; };
		FCC082131E31723300436824 /* VCExtras.swift in Sources */ = {isa = PBXBuildFile; fileRef = FCC082121E31723300436824 /* VCExtras.swift */; };
		FCC082181E319C5100436824 /* VirtualTourist.xcdatamodeld in Sources */ = {isa = PBXBuildFile; fileRef = FCC082161E319C5100436824 /* VirtualTourist.xcdatamodeld */; };
		FCF8245A1E32972500044300 /* Constants.swift in Sources */ = {isa = PBXBuildFile; fileRef = FCF824591E32972500044300 /* Constants.swift */; };
		FCF8245C1E3400E100044300 /* PinDetailVC.swift in Sources */ = {isa = PBXBuildFile; fileRef = FCF8245B1E3400E100044300 /* PinDetailVC.swift */; };
		FCF8245E1E34115B00044300 /* FlickrClient.swift in Sources */ = {isa = PBXBuildFile; fileRef = FCF8245D1E34115B00044300 /* FlickrClient.swift */; };
		FCF824601E3439CB00044300 /* PhotoDownloadClient.swift in Sources */ = {isa = PBXBuildFile; fileRef = FCF8245F1E3439CB00044300 /* PhotoDownloadClient.swift */; };
		FCF824621E346EF500044300 /* ImageCell.swift in Sources */ = {isa = PBXBuildFile; fileRef = FCF824611E346EF500044300 /* ImageCell.swift */; };
/* End PBXBuildFile section */

/* Begin PBXFileReference section */
		FCAFEEE51E3154A400716E18 /* VirtualTourist.app */ = {isa = PBXFileReference; explicitFileType = wrapper.application; includeInIndex = 0; path = VirtualTourist.app; sourceTree = BUILT_PRODUCTS_DIR; };
		FCAFEEE81E3154A400716E18 /* AppDelegate.swift */ = {isa = PBXFileReference; lastKnownFileType = sourcecode.swift; path = AppDelegate.swift; sourceTree = "<group>"; };
		FCAFEEED1E3154A400716E18 /* Base */ = {isa = PBXFileReference; lastKnownFileType = file.storyboard; name = Base; path = Base.lproj/Main.storyboard; sourceTree = "<group>"; };
		FCAFEEF21E3154A400716E18 /* Assets.xcassets */ = {isa = PBXFileReference; lastKnownFileType = folder.assetcatalog; path = Assets.xcassets; sourceTree = "<group>"; };
		FCAFEEF51E3154A400716E18 /* Base */ = {isa = PBXFileReference; lastKnownFileType = file.storyboard; name = Base; path = Base.lproj/LaunchScreen.storyboard; sourceTree = "<group>"; };
		FCAFEEF71E3154A400716E18 /* Info.plist */ = {isa = PBXFileReference; lastKnownFileType = text.plist.xml; path = Info.plist; sourceTree = "<group>"; };
		FCC0820D1E31657F00436824 /* MapVC.swift */ = {isa = PBXFileReference; fileEncoding = 4; lastKnownFileType = sourcecode.swift; path = MapVC.swift; sourceTree = "<group>"; };
		FCC082101E316F0F00436824 /* CoreDataHelper.swift */ = {isa = PBXFileReference; fileEncoding = 4; lastKnownFileType = sourcecode.swift; path = CoreDataHelper.swift; sourceTree = "<group>"; };
		FCC082121E31723300436824 /* VCExtras.swift */ = {isa = PBXFileReference; fileEncoding = 4; lastKnownFileType = sourcecode.swift; path = VCExtras.swift; sourceTree = "<group>"; };
		FCC082171E319C5100436824 /* VirtualTourist.xcdatamodel */ = {isa = PBXFileReference; lastKnownFileType = wrapper.xcdatamodel; path = VirtualTourist.xcdatamodel; sourceTree = "<group>"; };
		FCF824591E32972500044300 /* Constants.swift */ = {isa = PBXFileReference; fileEncoding = 4; lastKnownFileType = sourcecode.swift; path = Constants.swift; sourceTree = "<group>"; };
		FCF8245B1E3400E100044300 /* PinDetailVC.swift */ = {isa = PBXFileReference; fileEncoding = 4; lastKnownFileType = sourcecode.swift; path = PinDetailVC.swift; sourceTree = "<group>"; };
		FCF8245D1E34115B00044300 /* FlickrClient.swift */ = {isa = PBXFileReference; fileEncoding = 4; lastKnownFileType = sourcecode.swift; path = FlickrClient.swift; sourceTree = "<group>"; };
		FCF8245F1E3439CB00044300 /* PhotoDownloadClient.swift */ = {isa = PBXFileReference; fileEncoding = 4; lastKnownFileType = sourcecode.swift; path = PhotoDownloadClient.swift; sourceTree = "<group>"; };
		FCF824611E346EF500044300 /* ImageCell.swift */ = {isa = PBXFileReference; fileEncoding = 4; lastKnownFileType = sourcecode.swift; path = ImageCell.swift; sourceTree = "<group>"; };
/* End PBXFileReference section */

/* Begin PBXFrameworksBuildPhase section */
		FCAFEEE21E3154A400716E18 /* Frameworks */ = {
			isa = PBXFrameworksBuildPhase;
			buildActionMask = 2147483647;
			files = (
			);
			runOnlyForDeploymentPostprocessing = 0;
		};
/* End PBXFrameworksBuildPhase section */

/* Begin PBXGroup section */
		FCAFEEDC1E3154A400716E18 = {
			isa = PBXGroup;
			children = (
				FCAFEEE71E3154A400716E18 /* VirtualTourist */,
				FCAFEEE61E3154A400716E18 /* Products */,
			);
			sourceTree = "<group>";
		};
		FCAFEEE61E3154A400716E18 /* Products */ = {
			isa = PBXGroup;
			children = (
				FCAFEEE51E3154A400716E18 /* VirtualTourist.app */,
			);
			name = Products;
			sourceTree = "<group>";
		};
		FCAFEEE71E3154A400716E18 /* VirtualTourist */ = {
			isa = PBXGroup;
			children = (
				FCC0820F1E316EE000436824 /* CoreData */,
				FCAFEEFF1E31572500716E18 /* Model */,
				FCAFEEFE1E31572100716E18 /* View */,
				FCAFEEFD1E31571B00716E18 /* Controller */,
				FCAFEF001E31572E00716E18 /* Assets */,
			);
			path = VirtualTourist;
			sourceTree = "<group>";
		};
		FCAFEEFD1E31571B00716E18 /* Controller */ = {
			isa = PBXGroup;
			children = (
				FCC0820D1E31657F00436824 /* MapVC.swift */,
				FCF8245B1E3400E100044300 /* PinDetailVC.swift */,
				FCC082121E31723300436824 /* VCExtras.swift */,
			);
			name = Controller;
			sourceTree = "<group>";
		};
		FCAFEEFE1E31572100716E18 /* View */ = {
			isa = PBXGroup;
			children = (
				FCF824611E346EF500044300 /* ImageCell.swift */,
			);
			name = View;
			sourceTree = "<group>";
		};
		FCAFEEFF1E31572500716E18 /* Model */ = {
			isa = PBXGroup;
			children = (
				FCF8245F1E3439CB00044300 /* PhotoDownloadClient.swift */,
				FCF8245D1E34115B00044300 /* FlickrClient.swift */,
				FCF824591E32972500044300 /* Constants.swift */,
			);
			name = Model;
			sourceTree = "<group>";
		};
		FCAFEF001E31572E00716E18 /* Assets */ = {
			isa = PBXGroup;
			children = (
				FCAFEEF71E3154A400716E18 /* Info.plist */,
				FCAFEEF41E3154A400716E18 /* LaunchScreen.storyboard */,
				FCAFEEF21E3154A400716E18 /* Assets.xcassets */,
				FCAFEEEC1E3154A400716E18 /* Main.storyboard */,
				FCAFEEE81E3154A400716E18 /* AppDelegate.swift */,
			);
			name = Assets;
			sourceTree = "<group>";
		};
		FCC0820F1E316EE000436824 /* CoreData */ = {
			isa = PBXGroup;
			children = (
				FCC082101E316F0F00436824 /* CoreDataHelper.swift */,
				FCC082161E319C5100436824 /* VirtualTourist.xcdatamodeld */,
			);
			name = CoreData;
			sourceTree = "<group>";
		};
/* End PBXGroup section */

/* Begin PBXNativeTarget section */
		FCAFEEE41E3154A400716E18 /* VirtualTourist */ = {
			isa = PBXNativeTarget;
			buildConfigurationList = FCAFEEFA1E3154A400716E18 /* Build configuration list for PBXNativeTarget "VirtualTourist" */;
			buildPhases = (
				FCAFEEE11E3154A400716E18 /* Sources */,
				FCAFEEE21E3154A400716E18 /* Frameworks */,
				FCAFEEE31E3154A400716E18 /* Resources */,
			);
			buildRules = (
			);
			dependencies = (
			);
			name = VirtualTourist;
			productName = VirtualTourist;
			productReference = FCAFEEE51E3154A400716E18 /* VirtualTourist.app */;
			productType = "com.apple.product-type.application";
		};
/* End PBXNativeTarget section */

/* Begin PBXProject section */
		FCAFEEDD1E3154A400716E18 /* Project object */ = {
			isa = PBXProject;
			attributes = {
				LastSwiftUpdateCheck = 0820;
				LastUpgradeCheck = 0820;
				ORGANIZATIONNAME = RyStudios;
				TargetAttributes = {
					FCAFEEE41E3154A400716E18 = {
						CreatedOnToolsVersion = 8.2.1;
						DevelopmentTeam = L594ZX5N55;
						ProvisioningStyle = Automatic;
					};
				};
			};
			buildConfigurationList = FCAFEEE01E3154A400716E18 /* Build configuration list for PBXProject "VirtualTourist" */;
			compatibilityVersion = "Xcode 3.2";
			developmentRegion = English;
			hasScannedForEncodings = 0;
			knownRegions = (
				en,
				Base,
			);
			mainGroup = FCAFEEDC1E3154A400716E18;
			productRefGroup = FCAFEEE61E3154A400716E18 /* Products */;
			projectDirPath = "";
			projectRoot = "";
			targets = (
				FCAFEEE41E3154A400716E18 /* VirtualTourist */,
			);
		};
/* End PBXProject section */

/* Begin PBXResourcesBuildPhase section */
		FCAFEEE31E3154A400716E18 /* Resources */ = {
			isa = PBXResourcesBuildPhase;
			buildActionMask = 2147483647;
			files = (
				FCAFEEF61E3154A400716E18 /* LaunchScreen.storyboard in Resources */,
				FCAFEEF31E3154A400716E18 /* Assets.xcassets in Resources */,
				FCAFEEEE1E3154A400716E18 /* Main.storyboard in Resources */,
			);
			runOnlyForDeploymentPostprocessing = 0;
		};
/* End PBXResourcesBuildPhase section */

/* Begin PBXSourcesBuildPhase section */
		FCAFEEE11E3154A400716E18 /* Sources */ = {
			isa = PBXSourcesBuildPhase;
			buildActionMask = 2147483647;
			files = (
				FCAFEEE91E3154A400716E18 /* AppDelegate.swift in Sources */,
				FCC0820E1E31657F00436824 /* MapVC.swift in Sources */,
				FCC082181E319C5100436824 /* VirtualTourist.xcdatamodeld in Sources */,
				FCF8245C1E3400E100044300 /* PinDetailVC.swift in Sources */,
				FCC082111E316F0F00436824 /* CoreDataHelper.swift in Sources */,
				FCC082131E31723300436824 /* VCExtras.swift in Sources */,
				FCF8245A1E32972500044300 /* Constants.swift in Sources */,
				FCF824601E3439CB00044300 /* PhotoDownloadClient.swift in Sources */,
				FCF8245E1E34115B00044300 /* FlickrClient.swift in Sources */,
				FCF824621E346EF500044300 /* ImageCell.swift in Sources */,
			);
			runOnlyForDeploymentPostprocessing = 0;
		};
/* End PBXSourcesBuildPhase section */

/* Begin PBXVariantGroup section */
		FCAFEEEC1E3154A400716E18 /* Main.storyboard */ = {
			isa = PBXVariantGroup;
			children = (
				FCAFEEED1E3154A400716E18 /* Base */,
			);
			name = Main.storyboard;
			sourceTree = "<group>";
		};
		FCAFEEF41E3154A400716E18 /* LaunchScreen.storyboard */ = {
			isa = PBXVariantGroup;
			children = (
				FCAFEEF51E3154A400716E18 /* Base */,
			);
			name = LaunchScreen.storyboard;
			sourceTree = "<group>";
		};
/* End PBXVariantGroup section */

/* Begin XCBuildConfiguration section */
		FCAFEEF81E3154A400716E18 /* Debug */ = {
			isa = XCBuildConfiguration;
			buildSettings = {
				ALWAYS_SEARCH_USER_PATHS = NO;
				CLANG_ANALYZER_NONNULL = YES;
				CLANG_CXX_LANGUAGE_STANDARD = "gnu++0x";
				CLANG_CXX_LIBRARY = "libc++";
				CLANG_ENABLE_MODULES = YES;
				CLANG_ENABLE_OBJC_ARC = YES;
				CLANG_WARN_BOOL_CONVERSION = YES;
				CLANG_WARN_CONSTANT_CONVERSION = YES;
				CLANG_WARN_DIRECT_OBJC_ISA_USAGE = YES_ERROR;
				CLANG_WARN_DOCUMENTATION_COMMENTS = YES;
				CLANG_WARN_EMPTY_BODY = YES;
				CLANG_WARN_ENUM_CONVERSION = YES;
				CLANG_WARN_INFINITE_RECURSION = YES;
				CLANG_WARN_INT_CONVERSION = YES;
				CLANG_WARN_OBJC_ROOT_CLASS = YES_ERROR;
				CLANG_WARN_SUSPICIOUS_MOVE = YES;
				CLANG_WARN_UNREACHABLE_CODE = YES;
				CLANG_WARN__DUPLICATE_METHOD_MATCH = YES;
				"CODE_SIGN_IDENTITY[sdk=iphoneos*]" = "iPhone Developer";
				COPY_PHASE_STRIP = NO;
				DEBUG_INFORMATION_FORMAT = dwarf;
				ENABLE_STRICT_OBJC_MSGSEND = YES;
				ENABLE_TESTABILITY = YES;
				GCC_C_LANGUAGE_STANDARD = gnu99;
				GCC_DYNAMIC_NO_PIC = NO;
				GCC_NO_COMMON_BLOCKS = YES;
				GCC_OPTIMIZATION_LEVEL = 0;
				GCC_PREPROCESSOR_DEFINITIONS = (
					"DEBUG=1",
					"$(inherited)",
				);
				GCC_WARN_64_TO_32_BIT_CONVERSION = YES;
				GCC_WARN_ABOUT_RETURN_TYPE = YES_ERROR;
				GCC_WARN_UNDECLARED_SELECTOR = YES;
				GCC_WARN_UNINITIALIZED_AUTOS = YES_AGGRESSIVE;
				GCC_WARN_UNUSED_FUNCTION = YES;
				GCC_WARN_UNUSED_VARIABLE = YES;
				IPHONEOS_DEPLOYMENT_TARGET = 10.2;
				MTL_ENABLE_DEBUG_INFO = YES;
				ONLY_ACTIVE_ARCH = YES;
				SDKROOT = iphoneos;
				SWIFT_ACTIVE_COMPILATION_CONDITIONS = DEBUG;
				SWIFT_OPTIMIZATION_LEVEL = "-Onone";
				TARGETED_DEVICE_FAMILY = "1,2";
			};
			name = Debug;
		};
		FCAFEEF91E3154A400716E18 /* Release */ = {
			isa = XCBuildConfiguration;
			buildSettings = {
				ALWAYS_SEARCH_USER_PATHS = NO;
				CLANG_ANALYZER_NONNULL = YES;
				CLANG_CXX_LANGUAGE_STANDARD = "gnu++0x";
				CLANG_CXX_LIBRARY = "libc++";
				CLANG_ENABLE_MODULES = YES;
				CLANG_ENABLE_OBJC_ARC = YES;
				CLANG_WARN_BOOL_CONVERSION = YES;
				CLANG_WARN_CONSTANT_CONVERSION = YES;
				CLANG_WARN_DIRECT_OBJC_ISA_USAGE = YES_ERROR;
				CLANG_WARN_DOCUMENTATION_COMMENTS = YES;
				CLANG_WARN_EMPTY_BODY = YES;
				CLANG_WARN_ENUM_CONVERSION = YES;
				CLANG_WARN_INFINITE_RECURSION = YES;
				CLANG_WARN_INT_CONVERSION = YES;
				CLANG_WARN_OBJC_ROOT_CLASS = YES_ERROR;
				CLANG_WARN_SUSPICIOUS_MOVE = YES;
				CLANG_WARN_UNREACHABLE_CODE = YES;
				CLANG_WARN__DUPLICATE_METHOD_MATCH = YES;
				"CODE_SIGN_IDENTITY[sdk=iphoneos*]" = "iPhone Developer";
				COPY_PHASE_STRIP = NO;
				DEBUG_INFORMATION_FORMAT = "dwarf-with-dsym";
				ENABLE_NS_ASSERTIONS = NO;
				ENABLE_STRICT_OBJC_MSGSEND = YES;
				GCC_C_LANGUAGE_STANDARD = gnu99;
				GCC_NO_COMMON_BLOCKS = YES;
				GCC_WARN_64_TO_32_BIT_CONVERSION = YES;
				GCC_WARN_ABOUT_RETURN_TYPE = YES_ERROR;
				GCC_WARN_UNDECLARED_SELECTOR = YES;
				GCC_WARN_UNINITIALIZED_AUTOS = YES_AGGRESSIVE;
				GCC_WARN_UNUSED_FUNCTION = YES;
				GCC_WARN_UNUSED_VARIABLE = YES;
				IPHONEOS_DEPLOYMENT_TARGET = 10.2;
				MTL_ENABLE_DEBUG_INFO = NO;
				SDKROOT = iphoneos;
				SWIFT_OPTIMIZATION_LEVEL = "-Owholemodule";
				TARGETED_DEVICE_FAMILY = "1,2";
				VALIDATE_PRODUCT = YES;
			};
			name = Release;
		};
		FCAFEEFB1E3154A400716E18 /* Debug */ = {
			isa = XCBuildConfiguration;
			buildSettings = {
				ASSETCATALOG_COMPILER_APPICON_NAME = AppIcon;
				DEVELOPMENT_TEAM = L594ZX5N55;
				INFOPLIST_FILE = VirtualTourist/Info.plist;
				LD_RUNPATH_SEARCH_PATHS = "$(inherited) @executable_path/Frameworks";
				PRODUCT_BUNDLE_IDENTIFIER = com.rykuno.VirtualTourist;
				PRODUCT_NAME = "$(TARGET_NAME)";
				SWIFT_VERSION = 3.0;
			};
			name = Debug;
		};
		FCAFEEFC1E3154A400716E18 /* Release */ = {
			isa = XCBuildConfiguration;
			buildSettings = {
				ASSETCATALOG_COMPILER_APPICON_NAME = AppIcon;
				DEVELOPMENT_TEAM = L594ZX5N55;
				INFOPLIST_FILE = VirtualTourist/Info.plist;
				LD_RUNPATH_SEARCH_PATHS = "$(inherited) @executable_path/Frameworks";
				PRODUCT_BUNDLE_IDENTIFIER = com.rykuno.VirtualTourist;
				PRODUCT_NAME = "$(TARGET_NAME)";
				SWIFT_VERSION = 3.0;
			};
			name = Release;
		};
/* End XCBuildConfiguration section */

/* Begin XCConfigurationList section */
		FCAFEEE01E3154A400716E18 /* Build configuration list for PBXProject "VirtualTourist" */ = {
			isa = XCConfigurationList;
			buildConfigurations = (
				FCAFEEF81E3154A400716E18 /* Debug */,
				FCAFEEF91E3154A400716E18 /* Release */,
			);
			defaultConfigurationIsVisible = 0;
			defaultConfigurationName = Release;
		};
		FCAFEEFA1E3154A400716E18 /* Build configuration list for PBXNativeTarget "VirtualTourist" */ = {
			isa = XCConfigurationList;
			buildConfigurations = (
				FCAFEEFB1E3154A400716E18 /* Debug */,
				FCAFEEFC1E3154A400716E18 /* Release */,
			);
			defaultConfigurationIsVisible = 0;
			defaultConfigurationName = Release;
		};
/* End XCConfigurationList section */

/* Begin XCVersionGroup section */
		FCC082161E319C5100436824 /* VirtualTourist.xcdatamodeld */ = {
			isa = XCVersionGroup;
			children = (
				FCC082171E319C5100436824 /* VirtualTourist.xcdatamodel */,
			);
			currentVersion = FCC082171E319C5100436824 /* VirtualTourist.xcdatamodel */;
			path = VirtualTourist.xcdatamodeld;
			sourceTree = "<group>";
			versionGroupType = wrapper.xcdatamodel;
		};
/* End XCVersionGroup section */
	};
	rootObject = FCAFEEDD1E3154A400716E18 /* Project object */;
}
